# This file is generated by running "yarn install" inside your project.
# Manual changes might be lost - proceed with caution!

__metadata:
  version: 5
  cacheKey: 8

"@suin/tsconfig@npm:^0.0.0":
  version: 0.0.0
  resolution: "@suin/tsconfig@npm:0.0.0"
  checksum: 71077b7d4f158d6c4a89c2b1bae3be130b6f4b7294ccea12011092984aca477bd778d01e35ef5dbe2cb6f35a81c408e827c6a452fcbc125bf613c56e641e2d20
  languageName: node
  linkType: hard

"prettier@npm:^2.6.2":
  version: 2.6.2
  resolution: "prettier@npm:2.6.2"
  bin:
    prettier: bin-prettier.js
  checksum: 48d08dde8e9fb1f5bccdd205baa7f192e9fc8bc98f86e1b97d919de804e28c806b0e6cc685e4a88211aa7987fa9668f30baae19580d87ced3ed0f2ec6572106f
  languageName: node
  linkType: hard

"typescript-json-schema-combinator@workspace:.":
  version: 0.0.0-use.local
  resolution: "typescript-json-schema-combinator@workspace:."
  dependencies:
    "@suin/tsconfig": ^0.0.0
    prettier: ^2.6.2
    typescript: next
  languageName: unknown
  linkType: soft

"typescript@npm:next":
  version: 4.7.0-dev.20220428
  resolution: "typescript@npm:4.7.0-dev.20220428"
  bin:
    tsc: bin/tsc
    tsserver: bin/tsserver
  checksum: cec562e8381c6447f95519234f6fdc5053a6a5474f06fe2b8852629461eba38d2b3eaf5a2990b0da9adfe163cbf6c1cf0374574338b7e15a6156b17dff255901
  languageName: node
  linkType: hard

"typescript@patch:typescript@next#~builtin<compat/typescript>":
  version: 4.7.0-dev.20220428
  resolution: "typescript@patch:typescript@npm%3A4.7.0-dev.20220428#~builtin<compat/typescript>::version=4.7.0-dev.20220428&hash=ddd1e8"
  bin:
    tsc: bin/tsc
    tsserver: bin/tsserver
  checksum: d45d9888ff5011d812fa46da9d2a68fbe3f90b8a5c6d5fd7828a1f2f7c9cfe3690c2d2250296f1eaa43fd7a88443438cedcb89958d85d886903e9560f98277f2
  languageName: node
  linkType: hard
